
Microsoft Visual Studio Solution File, Format Version 12.00
# Visual Studio 15
VisualStudioVersion = 15.0.28010.2050
MinimumVisualStudioVersion = 10.0.40219.1
Project("{888888A0-9F3D-457C-B088-3A5042F75D52}") = "psztMyProject", "psztMyProject\psztMyProject.pyproj", "{35C83FBB-81E0-4CEC-B125-12E517130527}"
EndProject
Global
	GlobalSection(SolutionConfigurationPlatforms) = preSolution
		Debug|Any CPU = Debug|Any CPU
		Release|Any CPU = Release|Any CPU
	EndGlobalSection
	GlobalSection(ProjectConfigurationPlatforms) = postSolution
		{35C83FBB-81E0-4CEC-B125-12E517130527}.Debug|Any CPU.ActiveCfg = Debug|Any CPU
		{35C83FBB-81E0-4CEC-B125-12E517130527}.Release|Any CPU.ActiveCfg = Release|Any CPU
	EndGlobalSection
	GlobalSection(SolutionProperties) = preSolution
		HideSolutionNode = FALSE
	EndGlobalSection
	GlobalSection(ExtensibilityGlobals) = postSolution
		SolutionGuid = {E0299220-D9C1-44AB-9C08-B53AF13C7556}
	EndGlobalSection
EndGlobal
